
Microsoft Visual Studio Solution File, Format Version 12.00
# Visual Studio Version 17
VisualStudioVersion = 17.5.002.0
MinimumVisualStudioVersion = 10.0.40219.1
Project("{2150E333-8FDC-42A3-9474-1A3956D46DE8}") = "NetClient", "NetClient", "{FFAB4CF1-1308-4861-9C34-1D68D2FAF31D}"
EndProject
Project("{9A19103F-16F7-4668-BE54-9A1E7A4F7556}") = "NetClient", "NetClient\NetClient\NetClient.csproj", "{60EB36D6-DC58-469D-A95B-DF5A973A3821}"
EndProject
Global
	GlobalSection(SolutionConfigurationPlatforms) = preSolution
		Debug|Any CPU = Debug|Any CPU
		Release|Any CPU = Release|Any CPU
	EndGlobalSection
	GlobalSection(ProjectConfigurationPlatforms) = postSolution
		{60EB36D6-DC58-469D-A95B-DF5A973A3821}.Debug|Any CPU.ActiveCfg = Debug|Any CPU
		{60EB36D6-DC58-469D-A95B-DF5A973A3821}.Debug|Any CPU.Build.0 = Debug|Any CPU
		{60EB36D6-DC58-469D-A95B-DF5A973A3821}.Release|Any CPU.ActiveCfg = Release|Any CPU
		{60EB36D6-DC58-469D-A95B-DF5A973A3821}.Release|Any CPU.Build.0 = Release|Any CPU
	EndGlobalSection
	GlobalSection(SolutionProperties) = preSolution
		HideSolutionNode = FALSE
	EndGlobalSection
	GlobalSection(NestedProjects) = preSolution
		{60EB36D6-DC58-469D-A95B-DF5A973A3821} = {FFAB4CF1-1308-4861-9C34-1D68D2FAF31D}
	EndGlobalSection
	GlobalSection(ExtensibilityGlobals) = postSolution
		SolutionGuid = {472C202C-0E3F-4DEB-B306-C6329727B768}
	EndGlobalSection
EndGlobal
